// !$*UTF8*$!
{
	archiveVersion = 1;
	classes = {
	};
	objectVersion = 46;
	objects = {

/* Begin PBXBuildFile section */
		D3497CB31C522D19001BF77B /* main.m in Sources */ = {isa = PBXBuildFile; fileRef = D3497CB21C522D19001BF77B /* main.m */; };
		D3497CBB1C5235D1001BF77B /* sort.c in Sources */ = {isa = PBXBuildFile; fileRef = D3497CB91C5235D1001BF77B /* sort.c */; };
		D3497CBE1C523F4A001BF77B /* search.c in Sources */ = {isa = PBXBuildFile; fileRef = D3497CBC1C523F4A001BF77B /* search.c */; };
		D3A72D391C562A6700CCF8AC /* permutation.c in Sources */ = {isa = PBXBuildFile; fileRef = D3A72D371C562A6700CCF8AC /* permutation.c */; };
		D3D746551C7564E20006A8C3 /* Horner.c in Sources */ = {isa = PBXBuildFile; fileRef = D3D746531C7564E20006A8C3 /* Horner.c */; };
/* End PBXBuildFile section */

/* Begin PBXCopyFilesBuildPhase section */
		D3497CAD1C522D19001BF77B /* CopyFiles */ = {
			isa = PBXCopyFilesBuildPhase;
			buildActionMask = 2147483647;
			dstPath = /usr/share/man/man1/;
			dstSubfolderSpec = 0;
			files = (
			);
			runOnlyForDeploymentPostprocessing = 1;
		};
/* End PBXCopyFilesBuildPhase section */

/* Begin PBXFileReference section */
		D3497CAF1C522D19001BF77B /* Datastruct */ = {isa = PBXFileReference; explicitFileType = "compiled.mach-o.executable"; includeInIndex = 0; path = Datastruct; sourceTree = BUILT_PRODUCTS_DIR; };
		D3497CB21C522D19001BF77B /* main.m */ = {isa = PBXFileReference; lastKnownFileType = sourcecode.c.objc; path = main.m; sourceTree = "<group>"; };
		D3497CB91C5235D1001BF77B /* sort.c */ = {isa = PBXFileReference; fileEncoding = 4; lastKnownFileType = sourcecode.c.c; path = sort.c; sourceTree = "<group>"; };
		D3497CBA1C5235D1001BF77B /* sort.h */ = {isa = PBXFileReference; fileEncoding = 4; lastKnownFileType = sourcecode.c.h; path = sort.h; sourceTree = "<group>"; };
		D3497CBC1C523F4A001BF77B /* search.c */ = {isa = PBXFileReference; fileEncoding = 4; lastKnownFileType = sourcecode.c.c; path = search.c; sourceTree = "<group>"; };
		D3497CBD1C523F4A001BF77B /* search.h */ = {isa = PBXFileReference; fileEncoding = 4; lastKnownFileType = sourcecode.c.h; path = search.h; sourceTree = "<group>"; };
		D3A72D371C562A6700CCF8AC /* permutation.c */ = {isa = PBXFileReference; fileEncoding = 4; lastKnownFileType = sourcecode.c.c; path = permutation.c; sourceTree = "<group>"; };
		D3A72D381C562A6700CCF8AC /* permutation.h */ = {isa = PBXFileReference; fileEncoding = 4; lastKnownFileType = sourcecode.c.h; path = permutation.h; sourceTree = "<group>"; };
		D3D746531C7564E20006A8C3 /* Horner.c */ = {isa = PBXFileReference; fileEncoding = 4; lastKnownFileType = sourcecode.c.c; path = Horner.c; sourceTree = "<group>"; };
		D3D746541C7564E20006A8C3 /* Horner.h */ = {isa = PBXFileReference; fileEncoding = 4; lastKnownFileType = sourcecode.c.h; path = Horner.h; sourceTree = "<group>"; };
/* End PBXFileReference section */

/* Begin PBXFrameworksBuildPhase section */
		D3497CAC1C522D19001BF77B /* Frameworks */ = {
			isa = PBXFrameworksBuildPhase;
			buildActionMask = 2147483647;
			files = (
			);
			runOnlyForDeploymentPostprocessing = 0;
		};
/* End PBXFrameworksBuildPhase section */

/* Begin PBXGroup section */
		D3497CA61C522D19001BF77B = {
			isa = PBXGroup;
			children = (
				D3497CB11C522D19001BF77B /* Datastruct */,
				D3497CB01C522D19001BF77B /* Products */,
			);
			sourceTree = "<group>";
		};
		D3497CB01C522D19001BF77B /* Products */ = {
			isa = PBXGroup;
			children = (
				D3497CAF1C522D19001BF77B /* Datastruct */,
			);
			name = Products;
			sourceTree = "<group>";
		};
		D3497CB11C522D19001BF77B /* Datastruct */ = {
			isa = PBXGroup;
			children = (
				D3497CB21C522D19001BF77B /* main.m */,
				D3497CB91C5235D1001BF77B /* sort.c */,
				D3497CBA1C5235D1001BF77B /* sort.h */,
				D3497CBC1C523F4A001BF77B /* search.c */,
				D3497CBD1C523F4A001BF77B /* search.h */,
				D3A72D371C562A6700CCF8AC /* permutation.c */,
				D3A72D381C562A6700CCF8AC /* permutation.h */,
				D3D746531C7564E20006A8C3 /* Horner.c */,
				D3D746541C7564E20006A8C3 /* Horner.h */,
			);
			path = Datastruct;
			sourceTree = "<group>";
		};
/* End PBXGroup section */

/* Begin PBXNativeTarget section */
		D3497CAE1C522D19001BF77B /* Datastruct */ = {
			isa = PBXNativeTarget;
			buildConfigurationList = D3497CB61C522D19001BF77B /* Build configuration list for PBXNativeTarget "Datastruct" */;
			buildPhases = (
				D3497CAB1C522D19001BF77B /* Sources */,
				D3497CAC1C522D19001BF77B /* Frameworks */,
				D3497CAD1C522D19001BF77B /* CopyFiles */,
			);
			buildRules = (
			);
			dependencies = (
			);
			name = Datastruct;
			productName = Datastruct;
			productReference = D3497CAF1C522D19001BF77B /* Datastruct */;
			productType = "com.apple.product-type.tool";
		};
/* End PBXNativeTarget section */

/* Begin PBXProject section */
		D3497CA71C522D19001BF77B /* Project object */ = {
			isa = PBXProject;
			attributes = {
				LastUpgradeCheck = 0710;
				ORGANIZATIONNAME = PT;
				TargetAttributes = {
					D3497CAE1C522D19001BF77B = {
						CreatedOnToolsVersion = 7.1.1;
					};
				};
			};
			buildConfigurationList = D3497CAA1C522D19001BF77B /* Build configuration list for PBXProject "Datastruct" */;
			compatibilityVersion = "Xcode 3.2";
			developmentRegion = English;
			hasScannedForEncodings = 0;
			knownRegions = (
				en,
			);
			mainGroup = D3497CA61C522D19001BF77B;
			productRefGroup = D3497CB01C522D19001BF77B /* Products */;
			projectDirPath = "";
			projectRoot = "";
			targets = (
				D3497CAE1C522D19001BF77B /* Datastruct */,
			);
		};
/* End PBXProject section */

/* Begin PBXSourcesBuildPhase section */
		D3497CAB1C522D19001BF77B /* Sources */ = {
			isa = PBXSourcesBuildPhase;
			buildActionMask = 2147483647;
			files = (
				D3497CBE1C523F4A001BF77B /* search.c in Sources */,
				D3497CB31C522D19001BF77B /* main.m in Sources */,
				D3A72D391C562A6700CCF8AC /* permutation.c in Sources */,
				D3497CBB1C5235D1001BF77B /* sort.c in Sources */,
				D3D746551C7564E20006A8C3 /* Horner.c in Sources */,
			);
			runOnlyForDeploymentPostprocessing = 0;
		};
/* End PBXSourcesBuildPhase section */

/* Begin XCBuildConfiguration section */
		D3497CB41C522D19001BF77B /* Debug */ = {
			isa = XCBuildConfiguration;
			buildSettings = {
				ALWAYS_SEARCH_USER_PATHS = NO;
				CLANG_CXX_LANGUAGE_STANDARD = "gnu++0x";
				CLANG_CXX_LIBRARY = "libc++";
				CLANG_ENABLE_MODULES = YES;
				CLANG_ENABLE_OBJC_ARC = YES;
				CLANG_WARN_BOOL_CONVERSION = YES;
				CLANG_WARN_CONSTANT_CONVERSION = YES;
				CLANG_WARN_DIRECT_OBJC_ISA_USAGE = YES_ERROR;
				CLANG_WARN_EMPTY_BODY = YES;
				CLANG_WARN_ENUM_CONVERSION = YES;
				CLANG_WARN_INT_CONVERSION = YES;
				CLANG_WARN_OBJC_ROOT_CLASS = YES_ERROR;
				CLANG_WARN_UNREACHABLE_CODE = YES;
				CLANG_WARN__DUPLICATE_METHOD_MATCH = YES;
				CODE_SIGN_IDENTITY = "-";
				COPY_PHASE_STRIP = NO;
				DEBUG_INFORMATION_FORMAT = dwarf;
				ENABLE_STRICT_OBJC_MSGSEND = YES;
				ENABLE_TESTABILITY = YES;
				GCC_C_LANGUAGE_STANDARD = gnu99;
				GCC_DYNAMIC_NO_PIC = NO;
				GCC_NO_COMMON_BLOCKS = YES;
				GCC_OPTIMIZATION_LEVEL = 0;
				GCC_PREPROCESSOR_DEFINITIONS = (
					"DEBUG=1",
					"$(inherited)",
				);
				GCC_WARN_64_TO_32_BIT_CONVERSION = YES;
				GCC_WARN_ABOUT_RETURN_TYPE = YES_ERROR;
				GCC_WARN_UNDECLARED_SELECTOR = YES;
				GCC_WARN_UNINITIALIZED_AUTOS = YES_AGGRESSIVE;
				GCC_WARN_UNUSED_FUNCTION = YES;
				GCC_WARN_UNUSED_VARIABLE = YES;
				MACOSX_DEPLOYMENT_TARGET = 10.11;
				MTL_ENABLE_DEBUG_INFO = YES;
				ONLY_ACTIVE_ARCH = YES;
				SDKROOT = macosx;
			};
			name = Debug;
		};
		D3497CB51C522D19001BF77B /* Release */ = {
			isa = XCBuildConfiguration;
			buildSettings = {
				ALWAYS_SEARCH_USER_PATHS = NO;
				CLANG_CXX_LANGUAGE_STANDARD = "gnu++0x";
				CLANG_CXX_LIBRARY = "libc++";
				CLANG_ENABLE_MODULES = YES;
				CLANG_ENABLE_OBJC_ARC = YES;
				CLANG_WARN_BOOL_CONVERSION = YES;
				CLANG_WARN_CONSTANT_CONVERSION = YES;
				CLANG_WARN_DIRECT_OBJC_ISA_USAGE = YES_ERROR;
				CLANG_WARN_EMPTY_BODY = YES;
				CLANG_WARN_ENUM_CONVERSION = YES;
				CLANG_WARN_INT_CONVERSION = YES;
				CLANG_WARN_OBJC_ROOT_CLASS = YES_ERROR;
				CLANG_WARN_UNREACHABLE_CODE = YES;
				CLANG_WARN__DUPLICATE_METHOD_MATCH = YES;
				CODE_SIGN_IDENTITY = "-";
				COPY_PHASE_STRIP = NO;
				DEBUG_INFORMATION_FORMAT = "dwarf-with-dsym";
				ENABLE_NS_ASSERTIONS = NO;
				ENABLE_STRICT_OBJC_MSGSEND = YES;
				GCC_C_LANGUAGE_STANDARD = gnu99;
				GCC_NO_COMMON_BLOCKS = YES;
				GCC_WARN_64_TO_32_BIT_CONVERSION = YES;
				GCC_WARN_ABOUT_RETURN_TYPE = YES_ERROR;
				GCC_WARN_UNDECLARED_SELECTOR = YES;
				GCC_WARN_UNINITIALIZED_AUTOS = YES_AGGRESSIVE;
				GCC_WARN_UNUSED_FUNCTION = YES;
				GCC_WARN_UNUSED_VARIABLE = YES;
				MACOSX_DEPLOYMENT_TARGET = 10.11;
				MTL_ENABLE_DEBUG_INFO = NO;
				SDKROOT = macosx;
			};
			name = Release;
		};
		D3497CB71C522D19001BF77B /* Debug */ = {
			isa = XCBuildConfiguration;
			buildSettings = {
				PRODUCT_NAME = "$(TARGET_NAME)";
			};
			name = Debug;
		};
		D3497CB81C522D19001BF77B /* Release */ = {
			isa = XCBuildConfiguration;
			buildSettings = {
				PRODUCT_NAME = "$(TARGET_NAME)";
			};
			name = Release;
		};
/* End XCBuildConfiguration section */

/* Begin XCConfigurationList section */
		D3497CAA1C522D19001BF77B /* Build configuration list for PBXProject "Datastruct" */ = {
			isa = XCConfigurationList;
			buildConfigurations = (
				D3497CB41C522D19001BF77B /* Debug */,
				D3497CB51C522D19001BF77B /* Release */,
			);
			defaultConfigurationIsVisible = 0;
			defaultConfigurationName = Release;
		};
		D3497CB61C522D19001BF77B /* Build configuration list for PBXNativeTarget "Datastruct" */ = {
			isa = XCConfigurationList;
			buildConfigurations = (
				D3497CB71C522D19001BF77B /* Debug */,
				D3497CB81C522D19001BF77B /* Release */,
			);
			defaultConfigurationIsVisible = 0;
			defaultConfigurationName = Release;
		};
/* End XCConfigurationList section */
	};
	rootObject = D3497CA71C522D19001BF77B /* Project object */;
}
